{
  "name": "pivot",
  "version": "7.8.0.33",
  "lockfileVersion": 3,
  "requires": true,
  "packages": {
    "": {
      "name": "pivot",
      "version": "7.8.0.33",
      "dependencies": {
        "pivot": "file:"
      }
    },
    "node_modules/pivot": {
      "resolved": "",
      "link": true
    }
  }
}
