{
  "name": "d3",
  "version": "7.8.0.33",
  "lockfileVersion": 3,
  "requires": true,
  "packages": {
    "": {
      "name": "d3",
      "version": "7.8.0.33",
      "dependencies": {
        "d3": "file:"
      }
    },
    "node_modules/d3": {
      "resolved": "",
      "link": true
    }
  }
}
