{
    "name": "exporter.sencha.com",
    "version": "0.0.1",
    "lockfileVersion": 3,
    "requires": true,
    "packages": {
        "": {
            "name": "exporter.sencha.com",
            "version": "0.0.1",
            "dependencies": {
                "exporter.sencha.com": "file:"
            }
        },
        "node_modules/exporter.sencha.com": {
            "resolved": "",
            "link": true
        }
    }
}
