{
  "name": "froala-editor",
  "version": "7.8.0.33",
  "lockfileVersion": 3,
  "requires": true,
  "packages": {
    "": {
      "name": "froala-editor",
      "version": "7.8.0.33",
      "dependencies": {
        "froala-editor": "file:"
      }
    },
    "node_modules/froala-editor": {
      "resolved": "",
      "link": true
    }
  }
}
