{
  "name": "pivot-locale",
  "version": "7.8.0.33",
  "lockfileVersion": 3,
  "requires": true,
  "packages": {
    "": {
      "name": "pivot-locale",
      "version": "7.8.0.33",
      "dependencies": {
        "pivot-locale": "file:"
      }
    },
    "node_modules/pivot-locale": {
      "resolved": "",
      "link": true
    }
  }
}
