{
  "name": "calendar",
  "version": "7.8.0.33",
  "lockfileVersion": 3,
  "requires": true,
  "packages": {
    "": {
      "name": "calendar",
      "version": "7.8.0.33",
      "dependencies": {
        "calendar": "file:"
      }
    },
    "node_modules/calendar": {
      "resolved": "",
      "link": true
    }
  }
}
